PODS:
  - Kingfisher (7.5.0)
  - SwiftLint (0.49.1)

DEPENDENCIES:
  - Kingfisher
  - SwiftLint

SPEC REPOS:
  trunk:
    - Kingfisher
    - SwiftLint

SPEC CHECKSUMS:
  Kingfisher: b9c2a4a4af2990a768445c277359b27bde287d71
  SwiftLint: 32ee33ded0636d0905ef6911b2b67bbaeeedafa5

PODFILE CHECKSUM: cbc44bddcd322ddfae39e6113cd1e738bc6fe724

COCOAPODS: 1.11.3
